
Microsoft Visual Studio Solution File, Format Version 12.00
# Visual Studio Version 17
VisualStudioVersion = 17.1.31903.286
MinimumVisualStudioVersion = 10.0.40219.1
Project("{9A19103F-16F7-4668-BE54-9A1E7A4F7556}") = "ReactNet", "ReactNet.csproj", "{65E04BCF-08C7-42B7-9486-B35E672B85C6}"
EndProject
Global
	GlobalSection(SolutionConfigurationPlatforms) = preSolution
		Debug|Any CPU = Debug|Any CPU
		Release|Any CPU = Release|Any CPU
	EndGlobalSection
	GlobalSection(ProjectConfigurationPlatforms) = postSolution
		{65E04BCF-08C7-42B7-9486-B35E672B85C6}.Debug|Any CPU.ActiveCfg = Debug|Any CPU
		{65E04BCF-08C7-42B7-9486-B35E672B85C6}.Debug|Any CPU.Build.0 = Debug|Any CPU
		{65E04BCF-08C7-42B7-9486-B35E672B85C6}.Release|Any CPU.ActiveCfg = Release|Any CPU
		{65E04BCF-08C7-42B7-9486-B35E672B85C6}.Release|Any CPU.Build.0 = Release|Any CPU
	EndGlobalSection
	GlobalSection(SolutionProperties) = preSolution
		HideSolutionNode = FALSE
	EndGlobalSection
	GlobalSection(ExtensibilityGlobals) = postSolution
		SolutionGuid = {0E1DEA69-7103-47C7-A819-1B8D2057EA48}
	EndGlobalSection
EndGlobal
